
Microsoft Visual Studio Solution File, Format Version 12.00
# Visual Studio Version 16
VisualStudioVersion = 16.0.29709.97
MinimumVisualStudioVersion = 10.0.40219.1
Project("{FAE04EC0-301F-11D3-BF4B-00C04F79EFBC}") = "DevTestProject", "DevTestProject\DevTestProject.csproj", "{62EBB5A6-7059-4B16-A591-287232CFF9DC}"
EndProject
Global
	GlobalSection(SolutionConfigurationPlatforms) = preSolution
		Debug|Any CPU = Debug|Any CPU
		Release|Any CPU = Release|Any CPU
	EndGlobalSection
	GlobalSection(ProjectConfigurationPlatforms) = postSolution
		{62EBB5A6-7059-4B16-A591-287232CFF9DC}.Debug|Any CPU.ActiveCfg = Debug|Any CPU
		{62EBB5A6-7059-4B16-A591-287232CFF9DC}.Debug|Any CPU.Build.0 = Debug|Any CPU
		{62EBB5A6-7059-4B16-A591-287232CFF9DC}.Release|Any CPU.ActiveCfg = Release|Any CPU
		{62EBB5A6-7059-4B16-A591-287232CFF9DC}.Release|Any CPU.Build.0 = Release|Any CPU
	EndGlobalSection
	GlobalSection(SolutionProperties) = preSolution
		HideSolutionNode = FALSE
	EndGlobalSection
	GlobalSection(ExtensibilityGlobals) = postSolution
		SolutionGuid = {3908FB22-EFF5-479C-9398-D0AA545324A2}
	EndGlobalSection
EndGlobal
